# THIS IS AN AUTOGENERATED FILE. DO NOT EDIT THIS FILE DIRECTLY.
# yarn lockfile v1


"@openzeppelin/contracts-upgradeable@^3.3.0":
  version "3.3.0"
  resolved "https://registry.yarnpkg.com/@openzeppelin/contracts-upgradeable/-/contracts-upgradeable-3.3.0.tgz#a536c6ff107d21319490e6cb699e555a3edcf6ea"
  integrity sha512-kJeNuKauR4xH52Yo3GdXXAOW4CWyWdm7VXcJFe63G8TRb45ISSnkt/gXwUa8zzEYqokQrwNZYoH/iGYfUlp6wA==
